
Microsoft Visual Studio Solution File, Format Version 12.00
# Visual Studio Version 16
VisualStudioVersion = 16.0.31025.194
MinimumVisualStudioVersion = 10.0.40219.1
Project("{9A19103F-16F7-4668-BE54-9A1E7A4F7556}") = "ppedv.Zugfahrt.Model", "ppedv.Zugfahrt.Model\ppedv.Zugfahrt.Model.csproj", "{D7864AE8-8B80-4FB1-BCCA-FA13884D257D}"
EndProject
Project("{9A19103F-16F7-4668-BE54-9A1E7A4F7556}") = "ppedv.Zugfahrt.Data.Ef", "ppedv.Zugfahrt.Data.Ef\ppedv.Zugfahrt.Data.Ef.csproj", "{AA4DB7FA-C16A-4F25-9CE0-C8D3348BC1EE}"
EndProject
Project("{9A19103F-16F7-4668-BE54-9A1E7A4F7556}") = "ppedv.Zugfahrt.Data.Ef.Tests", "ppedv.Zugfahrt.Data.Ef.Tests\ppedv.Zugfahrt.Data.Ef.Tests.csproj", "{9D720F3A-8956-4DEA-84FF-9BB5B5785D37}"
EndProject
Project("{FAE04EC0-301F-11D3-BF4B-00C04F79EFBC}") = "ppedv.Zugfahrt.Logic", "ppedv.Zugfahrt.Logic\ppedv.Zugfahrt.Logic.csproj", "{646020DE-CC36-495D-8909-65A112D9016D}"
EndProject
Project("{FAE04EC0-301F-11D3-BF4B-00C04F79EFBC}") = "ppedv.Zugfahrt.UI.DevConsole", "ppedv.Zugfahrt.UI.DevConsole\ppedv.Zugfahrt.UI.DevConsole.csproj", "{64DCF4D3-D733-4BBB-B068-F2A4DA2F0ECE}"
EndProject
Global
	GlobalSection(SolutionConfigurationPlatforms) = preSolution
		Debug|Any CPU = Debug|Any CPU
		Release|Any CPU = Release|Any CPU
	EndGlobalSection
	GlobalSection(ProjectConfigurationPlatforms) = postSolution
		{D7864AE8-8B80-4FB1-BCCA-FA13884D257D}.Debug|Any CPU.ActiveCfg = Debug|Any CPU
		{D7864AE8-8B80-4FB1-BCCA-FA13884D257D}.Debug|Any CPU.Build.0 = Debug|Any CPU
		{D7864AE8-8B80-4FB1-BCCA-FA13884D257D}.Release|Any CPU.ActiveCfg = Release|Any CPU
		{D7864AE8-8B80-4FB1-BCCA-FA13884D257D}.Release|Any CPU.Build.0 = Release|Any CPU
		{AA4DB7FA-C16A-4F25-9CE0-C8D3348BC1EE}.Debug|Any CPU.ActiveCfg = Debug|Any CPU
		{AA4DB7FA-C16A-4F25-9CE0-C8D3348BC1EE}.Debug|Any CPU.Build.0 = Debug|Any CPU
		{AA4DB7FA-C16A-4F25-9CE0-C8D3348BC1EE}.Release|Any CPU.ActiveCfg = Release|Any CPU
		{AA4DB7FA-C16A-4F25-9CE0-C8D3348BC1EE}.Release|Any CPU.Build.0 = Release|Any CPU
		{9D720F3A-8956-4DEA-84FF-9BB5B5785D37}.Debug|Any CPU.ActiveCfg = Debug|Any CPU
		{9D720F3A-8956-4DEA-84FF-9BB5B5785D37}.Debug|Any CPU.Build.0 = Debug|Any CPU
		{9D720F3A-8956-4DEA-84FF-9BB5B5785D37}.Release|Any CPU.ActiveCfg = Release|Any CPU
		{9D720F3A-8956-4DEA-84FF-9BB5B5785D37}.Release|Any CPU.Build.0 = Release|Any CPU
		{646020DE-CC36-495D-8909-65A112D9016D}.Debug|Any CPU.ActiveCfg = Debug|Any CPU
		{646020DE-CC36-495D-8909-65A112D9016D}.Debug|Any CPU.Build.0 = Debug|Any CPU
		{646020DE-CC36-495D-8909-65A112D9016D}.Release|Any CPU.ActiveCfg = Release|Any CPU
		{646020DE-CC36-495D-8909-65A112D9016D}.Release|Any CPU.Build.0 = Release|Any CPU
		{64DCF4D3-D733-4BBB-B068-F2A4DA2F0ECE}.Debug|Any CPU.ActiveCfg = Debug|Any CPU
		{64DCF4D3-D733-4BBB-B068-F2A4DA2F0ECE}.Debug|Any CPU.Build.0 = Debug|Any CPU
		{64DCF4D3-D733-4BBB-B068-F2A4DA2F0ECE}.Release|Any CPU.ActiveCfg = Release|Any CPU
		{64DCF4D3-D733-4BBB-B068-F2A4DA2F0ECE}.Release|Any CPU.Build.0 = Release|Any CPU
	EndGlobalSection
	GlobalSection(SolutionProperties) = preSolution
		HideSolutionNode = FALSE
	EndGlobalSection
	GlobalSection(ExtensibilityGlobals) = postSolution
		SolutionGuid = {AD64E848-2435-4ED7-B6F9-F70ED98F5FDB}
	EndGlobalSection
EndGlobal
